
Microsoft Visual Studio Solution File, Format Version 12.00
# Visual Studio Version 17
VisualStudioVersion = 17.7.34221.43
MinimumVisualStudioVersion = 10.0.40219.1
Project("{FAE04EC0-301F-11D3-BF4B-00C04F79EFBC}") = "KEAM Anh", "KEAM Anh\KEAM Anh.csproj", "{F4E6B4ED-A4E4-4321-8EB2-E0E9AFDA3FE3}"
EndProject
Global
	GlobalSection(SolutionConfigurationPlatforms) = preSolution
		Debug|Any CPU = Debug|Any CPU
		Release|Any CPU = Release|Any CPU
	EndGlobalSection
	GlobalSection(ProjectConfigurationPlatforms) = postSolution
		{F4E6B4ED-A4E4-4321-8EB2-E0E9AFDA3FE3}.Debug|Any CPU.ActiveCfg = Debug|Any CPU
		{F4E6B4ED-A4E4-4321-8EB2-E0E9AFDA3FE3}.Debug|Any CPU.Build.0 = Debug|Any CPU
		{F4E6B4ED-A4E4-4321-8EB2-E0E9AFDA3FE3}.Release|Any CPU.ActiveCfg = Release|Any CPU
		{F4E6B4ED-A4E4-4321-8EB2-E0E9AFDA3FE3}.Release|Any CPU.Build.0 = Release|Any CPU
	EndGlobalSection
	GlobalSection(SolutionProperties) = preSolution
		HideSolutionNode = FALSE
	EndGlobalSection
	GlobalSection(ExtensibilityGlobals) = postSolution
		SolutionGuid = {735F1ED4-47C6-46B9-A520-075FF9D975E6}
	EndGlobalSection
EndGlobal
